
Microsoft Visual Studio Solution File, Format Version 12.00
# Visual Studio Version 16
VisualStudioVersion = 16.0.31729.503
MinimumVisualStudioVersion = 10.0.40219.1
Project("{FAE04EC0-301F-11D3-BF4B-00C04F79EFBC}") = "AngularJsAndAspDotNetCoreMvcCRUD", "AngularJsAndAspDotNetCoreMvcCRUD\AngularJsAndAspDotNetCoreMvcCRUD.csproj", "{ACF85D63-F04D-432D-8CAC-95E2B6A3F3E2}"
EndProject
Global
	GlobalSection(SolutionConfigurationPlatforms) = preSolution
		Debug|Any CPU = Debug|Any CPU
		Release|Any CPU = Release|Any CPU
	EndGlobalSection
	GlobalSection(ProjectConfigurationPlatforms) = postSolution
		{ACF85D63-F04D-432D-8CAC-95E2B6A3F3E2}.Debug|Any CPU.ActiveCfg = Debug|Any CPU
		{ACF85D63-F04D-432D-8CAC-95E2B6A3F3E2}.Debug|Any CPU.Build.0 = Debug|Any CPU
		{ACF85D63-F04D-432D-8CAC-95E2B6A3F3E2}.Release|Any CPU.ActiveCfg = Release|Any CPU
		{ACF85D63-F04D-432D-8CAC-95E2B6A3F3E2}.Release|Any CPU.Build.0 = Release|Any CPU
	EndGlobalSection
	GlobalSection(SolutionProperties) = preSolution
		HideSolutionNode = FALSE
	EndGlobalSection
	GlobalSection(ExtensibilityGlobals) = postSolution
		SolutionGuid = {7557A852-A68D-474C-ABB1-9905612E071E}
	EndGlobalSection
EndGlobal
