
Microsoft Visual Studio Solution File, Format Version 12.00
# Visual Studio Version 16
VisualStudioVersion = 16.0.31729.503
MinimumVisualStudioVersion = 10.0.40219.1
Project("{FAE04EC0-301F-11D3-BF4B-00C04F79EFBC}") = "CoreApi", "CoreApi\CoreApi.csproj", "{0D54D942-C680-46CB-929A-C06F532B6323}"
EndProject
Global
	GlobalSection(SolutionConfigurationPlatforms) = preSolution
		Debug|Any CPU = Debug|Any CPU
		Release|Any CPU = Release|Any CPU
	EndGlobalSection
	GlobalSection(ProjectConfigurationPlatforms) = postSolution
		{0D54D942-C680-46CB-929A-C06F532B6323}.Debug|Any CPU.ActiveCfg = Debug|Any CPU
		{0D54D942-C680-46CB-929A-C06F532B6323}.Debug|Any CPU.Build.0 = Debug|Any CPU
		{0D54D942-C680-46CB-929A-C06F532B6323}.Release|Any CPU.ActiveCfg = Release|Any CPU
		{0D54D942-C680-46CB-929A-C06F532B6323}.Release|Any CPU.Build.0 = Release|Any CPU
	EndGlobalSection
	GlobalSection(SolutionProperties) = preSolution
		HideSolutionNode = FALSE
	EndGlobalSection
	GlobalSection(ExtensibilityGlobals) = postSolution
		SolutionGuid = {7E269BA3-7D86-4445-86B2-D46D7490B437}
	EndGlobalSection
EndGlobal
