
Microsoft Visual Studio Solution File, Format Version 12.00
# Visual Studio Version 16
VisualStudioVersion = 16.0.31729.503
MinimumVisualStudioVersion = 10.0.40219.1
Project("{FAE04EC0-301F-11D3-BF4B-00C04F79EFBC}") = "CoreApiWithCoreMVCCView", "CoreApiWithCoreMVCCView\CoreApiWithCoreMVCCView.csproj", "{875FBDDF-7467-464E-8916-941260BACDF2}"
EndProject
Project("{FAE04EC0-301F-11D3-BF4B-00C04F79EFBC}") = "CoreMvcViewWithCoreApi", "CoreMvcViewWithCoreApi\CoreMvcViewWithCoreApi.csproj", "{BE569AF9-DC36-4F2D-AADF-411A0FAE0A7F}"
EndProject
Global
	GlobalSection(SolutionConfigurationPlatforms) = preSolution
		Debug|Any CPU = Debug|Any CPU
		Release|Any CPU = Release|Any CPU
	EndGlobalSection
	GlobalSection(ProjectConfigurationPlatforms) = postSolution
		{875FBDDF-7467-464E-8916-941260BACDF2}.Debug|Any CPU.ActiveCfg = Debug|Any CPU
		{875FBDDF-7467-464E-8916-941260BACDF2}.Debug|Any CPU.Build.0 = Debug|Any CPU
		{875FBDDF-7467-464E-8916-941260BACDF2}.Release|Any CPU.ActiveCfg = Release|Any CPU
		{875FBDDF-7467-464E-8916-941260BACDF2}.Release|Any CPU.Build.0 = Release|Any CPU
		{BE569AF9-DC36-4F2D-AADF-411A0FAE0A7F}.Debug|Any CPU.ActiveCfg = Debug|Any CPU
		{BE569AF9-DC36-4F2D-AADF-411A0FAE0A7F}.Debug|Any CPU.Build.0 = Debug|Any CPU
		{BE569AF9-DC36-4F2D-AADF-411A0FAE0A7F}.Release|Any CPU.ActiveCfg = Release|Any CPU
		{BE569AF9-DC36-4F2D-AADF-411A0FAE0A7F}.Release|Any CPU.Build.0 = Release|Any CPU
	EndGlobalSection
	GlobalSection(SolutionProperties) = preSolution
		HideSolutionNode = FALSE
	EndGlobalSection
	GlobalSection(ExtensibilityGlobals) = postSolution
		SolutionGuid = {E3ACDB9C-F480-438F-8E19-44D266B778CE}
	EndGlobalSection
EndGlobal
